
Microsoft Visual Studio Solution File, Format Version 12.00
# Visual Studio Version 16
VisualStudioVersion = 16.0.28803.352
MinimumVisualStudioVersion = 10.0.40219.1
Project("{FAE04EC0-301F-11D3-BF4B-00C04F79EFBC}") = "ServerSide", "ServerSide\ServerSide.csproj", "{ECCEE9A2-A2BD-471F-B2AE-F477F448347D}"
EndProject
Project("{FAE04EC0-301F-11D3-BF4B-00C04F79EFBC}") = "ClientSide", "ClientSide\ClientSide.csproj", "{270F822E-58A6-4397-A075-36BF1EFDE42B}"
EndProject
Global
	GlobalSection(SolutionConfigurationPlatforms) = preSolution
		Debug|Any CPU = Debug|Any CPU
		Release|Any CPU = Release|Any CPU
	EndGlobalSection
	GlobalSection(ProjectConfigurationPlatforms) = postSolution
		{ECCEE9A2-A2BD-471F-B2AE-F477F448347D}.Debug|Any CPU.ActiveCfg = Debug|Any CPU
		{ECCEE9A2-A2BD-471F-B2AE-F477F448347D}.Debug|Any CPU.Build.0 = Debug|Any CPU
		{ECCEE9A2-A2BD-471F-B2AE-F477F448347D}.Release|Any CPU.ActiveCfg = Release|Any CPU
		{ECCEE9A2-A2BD-471F-B2AE-F477F448347D}.Release|Any CPU.Build.0 = Release|Any CPU
		{270F822E-58A6-4397-A075-36BF1EFDE42B}.Debug|Any CPU.ActiveCfg = Debug|Any CPU
		{270F822E-58A6-4397-A075-36BF1EFDE42B}.Debug|Any CPU.Build.0 = Debug|Any CPU
		{270F822E-58A6-4397-A075-36BF1EFDE42B}.Release|Any CPU.ActiveCfg = Release|Any CPU
		{270F822E-58A6-4397-A075-36BF1EFDE42B}.Release|Any CPU.Build.0 = Release|Any CPU
	EndGlobalSection
	GlobalSection(SolutionProperties) = preSolution
		HideSolutionNode = FALSE
	EndGlobalSection
	GlobalSection(ExtensibilityGlobals) = postSolution
		SolutionGuid = {1F86411B-68AD-4B65-B6B7-659E56607A99}
	EndGlobalSection
EndGlobal
